// !$*UTF8*$!
{
	archiveVersion = 1;
	classes = {
	};
	objectVersion = 56;
	objects = {

/* Begin PBXBuildFile section */
		873630802B84E39E00436D44 /* settingLinesBeforeAfter.swift in Sources */ = {isa = PBXBuildFile; fileRef = 8736307F2B84E39E00436D44 /* settingLinesBeforeAfter.swift */; };
		874386562B78B7F100C10504 /* GreppyApp.swift in Sources */ = {isa = PBXBuildFile; fileRef = 874386552B78B7F100C10504 /* GreppyApp.swift */; };
		874386582B78B7F100C10504 /* ContentView.swift in Sources */ = {isa = PBXBuildFile; fileRef = 874386572B78B7F100C10504 /* ContentView.swift */; };
		8743865A2B78B7F300C10504 /* Assets.xcassets in Resources */ = {isa = PBXBuildFile; fileRef = 874386592B78B7F300C10504 /* Assets.xcassets */; };
		8743865D2B78B7F300C10504 /* Preview Assets.xcassets in Resources */ = {isa = PBXBuildFile; fileRef = 8743865C2B78B7F300C10504 /* Preview Assets.xcassets */; };
		87AA61C12B7903910084639A /* GreppyUITests.swift in Sources */ = {isa = PBXBuildFile; fileRef = 87AA61C02B7903910084639A /* GreppyUITests.swift */; };
		87AA61C32B7903910084639A /* GreppyUITestsLaunchTests.swift in Sources */ = {isa = PBXBuildFile; fileRef = 87AA61C22B7903910084639A /* GreppyUITestsLaunchTests.swift */; };
/* End PBXBuildFile section */

/* Begin PBXContainerItemProxy section */
		87AA61C42B7903910084639A /* PBXContainerItemProxy */ = {
			isa = PBXContainerItemProxy;
			containerPortal = 8743864A2B78B7F100C10504 /* Project object */;
			proxyType = 1;
			remoteGlobalIDString = 874386512B78B7F100C10504;
			remoteInfo = Greppy;
		};
/* End PBXContainerItemProxy section */

/* Begin PBXFileReference section */
		8736307F2B84E39E00436D44 /* settingLinesBeforeAfter.swift */ = {isa = PBXFileReference; lastKnownFileType = sourcecode.swift; path = settingLinesBeforeAfter.swift; sourceTree = "<group>"; };
		874386522B78B7F100C10504 /* Greppy.app */ = {isa = PBXFileReference; explicitFileType = wrapper.application; includeInIndex = 0; path = Greppy.app; sourceTree = BUILT_PRODUCTS_DIR; };
		874386552B78B7F100C10504 /* GreppyApp.swift */ = {isa = PBXFileReference; lastKnownFileType = sourcecode.swift; path = GreppyApp.swift; sourceTree = "<group>"; };
		874386572B78B7F100C10504 /* ContentView.swift */ = {isa = PBXFileReference; lastKnownFileType = sourcecode.swift; path = ContentView.swift; sourceTree = "<group>"; };
		874386592B78B7F300C10504 /* Assets.xcassets */ = {isa = PBXFileReference; lastKnownFileType = folder.assetcatalog; path = Assets.xcassets; sourceTree = "<group>"; };
		8743865C2B78B7F300C10504 /* Preview Assets.xcassets */ = {isa = PBXFileReference; lastKnownFileType = folder.assetcatalog; path = "Preview Assets.xcassets"; sourceTree = "<group>"; };
		87AA61B92B78F1730084639A /* Info.plist */ = {isa = PBXFileReference; lastKnownFileType = text.plist; path = Info.plist; sourceTree = "<group>"; };
		87AA61BE2B7903910084639A /* GreppyUITests.xctest */ = {isa = PBXFileReference; explicitFileType = wrapper.cfbundle; includeInIndex = 0; path = GreppyUITests.xctest; sourceTree = BUILT_PRODUCTS_DIR; };
		87AA61C02B7903910084639A /* GreppyUITests.swift */ = {isa = PBXFileReference; lastKnownFileType = sourcecode.swift; path = GreppyUITests.swift; sourceTree = "<group>"; };
		87AA61C22B7903910084639A /* GreppyUITestsLaunchTests.swift */ = {isa = PBXFileReference; lastKnownFileType = sourcecode.swift; path = GreppyUITestsLaunchTests.swift; sourceTree = "<group>"; };
/* End PBXFileReference section */

/* Begin PBXFrameworksBuildPhase section */
		8743864F2B78B7F100C10504 /* Frameworks */ = {
			isa = PBXFrameworksBuildPhase;
			buildActionMask = 2147483647;
			files = (
			);
			runOnlyForDeploymentPostprocessing = 0;
		};
		87AA61BB2B7903910084639A /* Frameworks */ = {
			isa = PBXFrameworksBuildPhase;
			buildActionMask = 2147483647;
			files = (
			);
			runOnlyForDeploymentPostprocessing = 0;
		};
/* End PBXFrameworksBuildPhase section */

/* Begin PBXGroup section */
		874386492B78B7F100C10504 = {
			isa = PBXGroup;
			children = (
				874386542B78B7F100C10504 /* Greppy */,
				87AA61BF2B7903910084639A /* GreppyUITests */,
				874386532B78B7F100C10504 /* Products */,
			);
			sourceTree = "<group>";
		};
		874386532B78B7F100C10504 /* Products */ = {
			isa = PBXGroup;
			children = (
				874386522B78B7F100C10504 /* Greppy.app */,
				87AA61BE2B7903910084639A /* GreppyUITests.xctest */,
			);
			name = Products;
			sourceTree = "<group>";
		};
		874386542B78B7F100C10504 /* Greppy */ = {
			isa = PBXGroup;
			children = (
				87AA61B92B78F1730084639A /* Info.plist */,
				874386552B78B7F100C10504 /* GreppyApp.swift */,
				874386572B78B7F100C10504 /* ContentView.swift */,
				8736307F2B84E39E00436D44 /* settingLinesBeforeAfter.swift */,
				874386592B78B7F300C10504 /* Assets.xcassets */,
				8743865B2B78B7F300C10504 /* Preview Content */,
			);
			path = Greppy;
			sourceTree = "<group>";
		};
		8743865B2B78B7F300C10504 /* Preview Content */ = {
			isa = PBXGroup;
			children = (
				8743865C2B78B7F300C10504 /* Preview Assets.xcassets */,
			);
			path = "Preview Content";
			sourceTree = "<group>";
		};
		87AA61BF2B7903910084639A /* GreppyUITests */ = {
			isa = PBXGroup;
			children = (
				87AA61C02B7903910084639A /* GreppyUITests.swift */,
				87AA61C22B7903910084639A /* GreppyUITestsLaunchTests.swift */,
			);
			path = GreppyUITests;
			sourceTree = "<group>";
		};
/* End PBXGroup section */

/* Begin PBXNativeTarget section */
		874386512B78B7F100C10504 /* Greppy */ = {
			isa = PBXNativeTarget;
			buildConfigurationList = 874386602B78B7F300C10504 /* Build configuration list for PBXNativeTarget "Greppy" */;
			buildPhases = (
				8743864E2B78B7F100C10504 /* Sources */,
				8743864F2B78B7F100C10504 /* Frameworks */,
				874386502B78B7F100C10504 /* Resources */,
			);
			buildRules = (
			);
			dependencies = (
			);
			name = Greppy;
			productName = Greppy;
			productReference = 874386522B78B7F100C10504 /* Greppy.app */;
			productType = "com.apple.product-type.application";
		};
		87AA61BD2B7903910084639A /* GreppyUITests */ = {
			isa = PBXNativeTarget;
			buildConfigurationList = 87AA61C62B7903910084639A /* Build configuration list for PBXNativeTarget "GreppyUITests" */;
			buildPhases = (
				87AA61BA2B7903910084639A /* Sources */,
				87AA61BB2B7903910084639A /* Frameworks */,
				87AA61BC2B7903910084639A /* Resources */,
			);
			buildRules = (
			);
			dependencies = (
				87AA61C52B7903910084639A /* PBXTargetDependency */,
			);
			name = GreppyUITests;
			productName = GreppyUITests;
			productReference = 87AA61BE2B7903910084639A /* GreppyUITests.xctest */;
			productType = "com.apple.product-type.bundle.ui-testing";
		};
/* End PBXNativeTarget section */

/* Begin PBXProject section */
		8743864A2B78B7F100C10504 /* Project object */ = {
			isa = PBXProject;
			attributes = {
				BuildIndependentTargetsInParallel = 1;
				LastSwiftUpdateCheck = 1520;
				LastUpgradeCheck = 1520;
				TargetAttributes = {
					874386512B78B7F100C10504 = {
						CreatedOnToolsVersion = 15.2;
					};
					87AA61BD2B7903910084639A = {
						CreatedOnToolsVersion = 15.2;
						TestTargetID = 874386512B78B7F100C10504;
					};
				};
			};
			buildConfigurationList = 8743864D2B78B7F100C10504 /* Build configuration list for PBXProject "Greppy" */;
			compatibilityVersion = "Xcode 14.0";
			developmentRegion = en;
			hasScannedForEncodings = 0;
			knownRegions = (
				en,
				Base,
			);
			mainGroup = 874386492B78B7F100C10504;
			productRefGroup = 874386532B78B7F100C10504 /* Products */;
			projectDirPath = "";
			projectRoot = "";
			targets = (
				874386512B78B7F100C10504 /* Greppy */,
				87AA61BD2B7903910084639A /* GreppyUITests */,
			);
		};
/* End PBXProject section */

/* Begin PBXResourcesBuildPhase section */
		874386502B78B7F100C10504 /* Resources */ = {
			isa = PBXResourcesBuildPhase;
			buildActionMask = 2147483647;
			files = (
				8743865D2B78B7F300C10504 /* Preview Assets.xcassets in Resources */,
				8743865A2B78B7F300C10504 /* Assets.xcassets in Resources */,
			);
			runOnlyForDeploymentPostprocessing = 0;
		};
		87AA61BC2B7903910084639A /* Resources */ = {
			isa = PBXResourcesBuildPhase;
			buildActionMask = 2147483647;
			files = (
			);
			runOnlyForDeploymentPostprocessing = 0;
		};
/* End PBXResourcesBuildPhase section */

/* Begin PBXSourcesBuildPhase section */
		8743864E2B78B7F100C10504 /* Sources */ = {
			isa = PBXSourcesBuildPhase;
			buildActionMask = 2147483647;
			files = (
				874386582B78B7F100C10504 /* ContentView.swift in Sources */,
				873630802B84E39E00436D44 /* settingLinesBeforeAfter.swift in Sources */,
				874386562B78B7F100C10504 /* GreppyApp.swift in Sources */,
			);
			runOnlyForDeploymentPostprocessing = 0;
		};
		87AA61BA2B7903910084639A /* Sources */ = {
			isa = PBXSourcesBuildPhase;
			buildActionMask = 2147483647;
			files = (
				87AA61C12B7903910084639A /* GreppyUITests.swift in Sources */,
				87AA61C32B7903910084639A /* GreppyUITestsLaunchTests.swift in Sources */,
			);
			runOnlyForDeploymentPostprocessing = 0;
		};
/* End PBXSourcesBuildPhase section */

/* Begin PBXTargetDependency section */
		87AA61C52B7903910084639A /* PBXTargetDependency */ = {
			isa = PBXTargetDependency;
			target = 874386512B78B7F100C10504 /* Greppy */;
			targetProxy = 87AA61C42B7903910084639A /* PBXContainerItemProxy */;
		};
/* End PBXTargetDependency section */

/* Begin XCBuildConfiguration section */
		8743865E2B78B7F300C10504 /* Debug */ = {
			isa = XCBuildConfiguration;
			buildSettings = {
				ALWAYS_SEARCH_USER_PATHS = NO;
				ASSETCATALOG_COMPILER_GENERATE_SWIFT_ASSET_SYMBOL_EXTENSIONS = YES;
				CLANG_ANALYZER_NONNULL = YES;
				CLANG_ANALYZER_NUMBER_OBJECT_CONVERSION = YES_AGGRESSIVE;
				CLANG_CXX_LANGUAGE_STANDARD = "gnu++20";
				CLANG_ENABLE_MODULES = YES;
				CLANG_ENABLE_OBJC_ARC = YES;
				CLANG_ENABLE_OBJC_WEAK = YES;
				CLANG_WARN_BLOCK_CAPTURE_AUTORELEASING = YES;
				CLANG_WARN_BOOL_CONVERSION = YES;
				CLANG_WARN_COMMA = YES;
				CLANG_WARN_CONSTANT_CONVERSION = YES;
				CLANG_WARN_DEPRECATED_OBJC_IMPLEMENTATIONS = YES;
				CLANG_WARN_DIRECT_OBJC_ISA_USAGE = YES_ERROR;
				CLANG_WARN_DOCUMENTATION_COMMENTS = YES;
				CLANG_WARN_EMPTY_BODY = YES;
				CLANG_WARN_ENUM_CONVERSION = YES;
				CLANG_WARN_INFINITE_RECURSION = YES;
				CLANG_WARN_INT_CONVERSION = YES;
				CLANG_WARN_NON_LITERAL_NULL_CONVERSION = YES;
				CLANG_WARN_OBJC_IMPLICIT_RETAIN_SELF = YES;
				CLANG_WARN_OBJC_LITERAL_CONVERSION = YES;
				CLANG_WARN_OBJC_ROOT_CLASS = YES_ERROR;
				CLANG_WARN_QUOTED_INCLUDE_IN_FRAMEWORK_HEADER = YES;
				CLANG_WARN_RANGE_LOOP_ANALYSIS = YES;
				CLANG_WARN_STRICT_PROTOTYPES = YES;
				CLANG_WARN_SUSPICIOUS_MOVE = YES;
				CLANG_WARN_UNGUARDED_AVAILABILITY = YES_AGGRESSIVE;
				CLANG_WARN_UNREACHABLE_CODE = YES;
				CLANG_WARN__DUPLICATE_METHOD_MATCH = YES;
				COPY_PHASE_STRIP = NO;
				DEBUG_INFORMATION_FORMAT = dwarf;
				ENABLE_STRICT_OBJC_MSGSEND = YES;
				ENABLE_TESTABILITY = YES;
				ENABLE_USER_SCRIPT_SANDBOXING = YES;
				GCC_C_LANGUAGE_STANDARD = gnu17;
				GCC_DYNAMIC_NO_PIC = NO;
				GCC_NO_COMMON_BLOCKS = YES;
				GCC_OPTIMIZATION_LEVEL = 0;
				GCC_PREPROCESSOR_DEFINITIONS = (
					"DEBUG=1",
					"$(inherited)",
				);
				GCC_WARN_64_TO_32_BIT_CONVERSION = YES;
				GCC_WARN_ABOUT_RETURN_TYPE = YES_ERROR;
				GCC_WARN_UNDECLARED_SELECTOR = YES;
				GCC_WARN_UNINITIALIZED_AUTOS = YES_AGGRESSIVE;
				GCC_WARN_UNUSED_FUNCTION = YES;
				GCC_WARN_UNUSED_VARIABLE = YES;
				IPHONEOS_DEPLOYMENT_TARGET = 17.2;
				LOCALIZATION_PREFERS_STRING_CATALOGS = YES;
				MTL_ENABLE_DEBUG_INFO = INCLUDE_SOURCE;
				MTL_FAST_MATH = YES;
				ONLY_ACTIVE_ARCH = YES;
				SDKROOT = iphoneos;
				SWIFT_ACTIVE_COMPILATION_CONDITIONS = "DEBUG $(inherited)";
				SWIFT_OPTIMIZATION_LEVEL = "-Onone";
			};
			name = Debug;
		};
		8743865F2B78B7F300C10504 /* Release */ = {
			isa = XCBuildConfiguration;
			buildSettings = {
				ALWAYS_SEARCH_USER_PATHS = NO;
				ASSETCATALOG_COMPILER_GENERATE_SWIFT_ASSET_SYMBOL_EXTENSIONS = YES;
				CLANG_ANALYZER_NONNULL = YES;
				CLANG_ANALYZER_NUMBER_OBJECT_CONVERSION = YES_AGGRESSIVE;
				CLANG_CXX_LANGUAGE_STANDARD = "gnu++20";
				CLANG_ENABLE_MODULES = YES;
				CLANG_ENABLE_OBJC_ARC = YES;
				CLANG_ENABLE_OBJC_WEAK = YES;
				CLANG_WARN_BLOCK_CAPTURE_AUTORELEASING = YES;
				CLANG_WARN_BOOL_CONVERSION = YES;
				CLANG_WARN_COMMA = YES;
				CLANG_WARN_CONSTANT_CONVERSION = YES;
				CLANG_WARN_DEPRECATED_OBJC_IMPLEMENTATIONS = YES;
				CLANG_WARN_DIRECT_OBJC_ISA_USAGE = YES_ERROR;
				CLANG_WARN_DOCUMENTATION_COMMENTS = YES;
				CLANG_WARN_EMPTY_BODY = YES;
				CLANG_WARN_ENUM_CONVERSION = YES;
				CLANG_WARN_INFINITE_RECURSION = YES;
				CLANG_WARN_INT_CONVERSION = YES;
				CLANG_WARN_NON_LITERAL_NULL_CONVERSION = YES;
				CLANG_WARN_OBJC_IMPLICIT_RETAIN_SELF = YES;
				CLANG_WARN_OBJC_LITERAL_CONVERSION = YES;
				CLANG_WARN_OBJC_ROOT_CLASS = YES_ERROR;
				CLANG_WARN_QUOTED_INCLUDE_IN_FRAMEWORK_HEADER = YES;
				CLANG_WARN_RANGE_LOOP_ANALYSIS = YES;
				CLANG_WARN_STRICT_PROTOTYPES = YES;
				CLANG_WARN_SUSPICIOUS_MOVE = YES;
				CLANG_WARN_UNGUARDED_AVAILABILITY = YES_AGGRESSIVE;
				CLANG_WARN_UNREACHABLE_CODE = YES;
				CLANG_WARN__DUPLICATE_METHOD_MATCH = YES;
				COPY_PHASE_STRIP = NO;
				DEBUG_INFORMATION_FORMAT = "dwarf-with-dsym";
				ENABLE_NS_ASSERTIONS = NO;
				ENABLE_STRICT_OBJC_MSGSEND = YES;
				ENABLE_USER_SCRIPT_SANDBOXING = YES;
				GCC_C_LANGUAGE_STANDARD = gnu17;
				GCC_NO_COMMON_BLOCKS = YES;
				GCC_WARN_64_TO_32_BIT_CONVERSION = YES;
				GCC_WARN_ABOUT_RETURN_TYPE = YES_ERROR;
				GCC_WARN_UNDECLARED_SELECTOR = YES;
				GCC_WARN_UNINITIALIZED_AUTOS = YES_AGGRESSIVE;
				GCC_WARN_UNUSED_FUNCTION = YES;
				GCC_WARN_UNUSED_VARIABLE = YES;
				IPHONEOS_DEPLOYMENT_TARGET = 17.2;
				LOCALIZATION_PREFERS_STRING_CATALOGS = YES;
				MTL_ENABLE_DEBUG_INFO = NO;
				MTL_FAST_MATH = YES;
				SDKROOT = iphoneos;
				SWIFT_COMPILATION_MODE = wholemodule;
				VALIDATE_PRODUCT = YES;
			};
			name = Release;
		};
		874386612B78B7F300C10504 /* Debug */ = {
			isa = XCBuildConfiguration;
			buildSettings = {
				ASSETCATALOG_COMPILER_APPICON_NAME = AppIcon;
				ASSETCATALOG_COMPILER_GLOBAL_ACCENT_COLOR_NAME = AccentColor;
				CODE_SIGN_STYLE = Automatic;
				CURRENT_PROJECT_VERSION = 1;
				DEVELOPMENT_ASSET_PATHS = "\"Greppy/Preview Content\"";
				DEVELOPMENT_TEAM = 6335M7T29D;
				ENABLE_PREVIEWS = YES;
				GENERATE_INFOPLIST_FILE = YES;
				INFOPLIST_FILE = Greppy/Info.plist;
				INFOPLIST_KEY_CFBundleDisplayName = Greppy;
				INFOPLIST_KEY_LSApplicationCategoryType = "public.app-category.developer-tools";
				INFOPLIST_KEY_UIApplicationSceneManifest_Generation = YES;
				INFOPLIST_KEY_UIApplicationSupportsIndirectInputEvents = YES;
				INFOPLIST_KEY_UILaunchScreen_Generation = YES;
				INFOPLIST_KEY_UISupportedInterfaceOrientations = "UIInterfaceOrientationLandscapeLeft UIInterfaceOrientationLandscapeRight UIInterfaceOrientationPortrait UIInterfaceOrientationPortraitUpsideDown";
				IPHONEOS_DEPLOYMENT_TARGET = 15.0;
				LD_RUNPATH_SEARCH_PATHS = (
					"$(inherited)",
					"@executable_path/Frameworks",
				);
				MARKETING_VERSION = 1.2;
				PRODUCT_BUNDLE_IDENTIFIER = org.cagnulein.Greppy;
				PRODUCT_NAME = "$(TARGET_NAME)";
				SWIFT_EMIT_LOC_STRINGS = YES;
				SWIFT_VERSION = 5.0;
				TARGETED_DEVICE_FAMILY = "1,2";
			};
			name = Debug;
		};
		874386622B78B7F300C10504 /* Release */ = {
			isa = XCBuildConfiguration;
			buildSettings = {
				ASSETCATALOG_COMPILER_APPICON_NAME = AppIcon;
				ASSETCATALOG_COMPILER_GLOBAL_ACCENT_COLOR_NAME = AccentColor;
				CODE_SIGN_STYLE = Automatic;
				CURRENT_PROJECT_VERSION = 1;
				DEVELOPMENT_ASSET_PATHS = "\"Greppy/Preview Content\"";
				DEVELOPMENT_TEAM = 6335M7T29D;
				ENABLE_PREVIEWS = YES;
				GENERATE_INFOPLIST_FILE = YES;
				INFOPLIST_FILE = Greppy/Info.plist;
				INFOPLIST_KEY_CFBundleDisplayName = Greppy;
				INFOPLIST_KEY_LSApplicationCategoryType = "public.app-category.developer-tools";
				INFOPLIST_KEY_UIApplicationSceneManifest_Generation = YES;
				INFOPLIST_KEY_UIApplicationSupportsIndirectInputEvents = YES;
				INFOPLIST_KEY_UILaunchScreen_Generation = YES;
				INFOPLIST_KEY_UISupportedInterfaceOrientations = "UIInterfaceOrientationLandscapeLeft UIInterfaceOrientationLandscapeRight UIInterfaceOrientationPortrait UIInterfaceOrientationPortraitUpsideDown";
				IPHONEOS_DEPLOYMENT_TARGET = 15.0;
				LD_RUNPATH_SEARCH_PATHS = (
					"$(inherited)",
					"@executable_path/Frameworks",
				);
				MARKETING_VERSION = 1.2;
				PRODUCT_BUNDLE_IDENTIFIER = org.cagnulein.Greppy;
				PRODUCT_NAME = "$(TARGET_NAME)";
				SWIFT_EMIT_LOC_STRINGS = YES;
				SWIFT_VERSION = 5.0;
				TARGETED_DEVICE_FAMILY = "1,2";
			};
			name = Release;
		};
		87AA61C72B7903910084639A /* Debug */ = {
			isa = XCBuildConfiguration;
			buildSettings = {
				CODE_SIGN_STYLE = Automatic;
				CURRENT_PROJECT_VERSION = 1;
				DEVELOPMENT_TEAM = 6335M7T29D;
				GENERATE_INFOPLIST_FILE = YES;
				MARKETING_VERSION = 1.0;
				PRODUCT_BUNDLE_IDENTIFIER = org.cagnulein.GreppyUITests;
				PRODUCT_NAME = "$(TARGET_NAME)";
				SWIFT_EMIT_LOC_STRINGS = NO;
				SWIFT_VERSION = 5.0;
				TARGETED_DEVICE_FAMILY = "1,2";
				TEST_TARGET_NAME = Greppy;
			};
			name = Debug;
		};
		87AA61C82B7903910084639A /* Release */ = {
			isa = XCBuildConfiguration;
			buildSettings = {
				CODE_SIGN_STYLE = Automatic;
				CURRENT_PROJECT_VERSION = 1;
				DEVELOPMENT_TEAM = 6335M7T29D;
				GENERATE_INFOPLIST_FILE = YES;
				MARKETING_VERSION = 1.0;
				PRODUCT_BUNDLE_IDENTIFIER = org.cagnulein.GreppyUITests;
				PRODUCT_NAME = "$(TARGET_NAME)";
				SWIFT_EMIT_LOC_STRINGS = NO;
				SWIFT_VERSION = 5.0;
				TARGETED_DEVICE_FAMILY = "1,2";
				TEST_TARGET_NAME = Greppy;
			};
			name = Release;
		};
/* End XCBuildConfiguration section */

/* Begin XCConfigurationList section */
		8743864D2B78B7F100C10504 /* Build configuration list for PBXProject "Greppy" */ = {
			isa = XCConfigurationList;
			buildConfigurations = (
				8743865E2B78B7F300C10504 /* Debug */,
				8743865F2B78B7F300C10504 /* Release */,
			);
			defaultConfigurationIsVisible = 0;
			defaultConfigurationName = Release;
		};
		874386602B78B7F300C10504 /* Build configuration list for PBXNativeTarget "Greppy" */ = {
			isa = XCConfigurationList;
			buildConfigurations = (
				874386612B78B7F300C10504 /* Debug */,
				874386622B78B7F300C10504 /* Release */,
			);
			defaultConfigurationIsVisible = 0;
			defaultConfigurationName = Release;
		};
		87AA61C62B7903910084639A /* Build configuration list for PBXNativeTarget "GreppyUITests" */ = {
			isa = XCConfigurationList;
			buildConfigurations = (
				87AA61C72B7903910084639A /* Debug */,
				87AA61C82B7903910084639A /* Release */,
			);
			defaultConfigurationIsVisible = 0;
			defaultConfigurationName = Release;
		};
/* End XCConfigurationList section */
	};
	rootObject = 8743864A2B78B7F100C10504 /* Project object */;
}
